
Microsoft Visual Studio Solution File, Format Version 12.00
# Visual Studio 15
VisualStudioVersion = 15.0.28307.438
MinimumVisualStudioVersion = 10.0.40219.1
Project("{2150E333-8FDC-42A3-9474-1A3956D46DE8}") = "_docs", "_docs", "{F096425D-DDBB-4D38-ACBA-2A0A0EA2D79B}"
	ProjectSection(SolutionItems) = preProject
		README.md = README.md
	EndProjectSection
EndProject
Project("{9A19103F-16F7-4668-BE54-9A1E7A4F7556}") = "DncLesson", "DncLesson\DncLesson.csproj", "{5D167925-778C-4845-BDEA-A62C7C5B0D28}"
EndProject
Global
	GlobalSection(SolutionConfigurationPlatforms) = preSolution
		Debug|Any CPU = Debug|Any CPU
		Release|Any CPU = Release|Any CPU
	EndGlobalSection
	GlobalSection(ProjectConfigurationPlatforms) = postSolution
		{5D167925-778C-4845-BDEA-A62C7C5B0D28}.Debug|Any CPU.ActiveCfg = Debug|Any CPU
		{5D167925-778C-4845-BDEA-A62C7C5B0D28}.Debug|Any CPU.Build.0 = Debug|Any CPU
		{5D167925-778C-4845-BDEA-A62C7C5B0D28}.Release|Any CPU.ActiveCfg = Release|Any CPU
		{5D167925-778C-4845-BDEA-A62C7C5B0D28}.Release|Any CPU.Build.0 = Release|Any CPU
	EndGlobalSection
	GlobalSection(SolutionProperties) = preSolution
		HideSolutionNode = FALSE
	EndGlobalSection
	GlobalSection(ExtensibilityGlobals) = postSolution
		SolutionGuid = {F5E3A017-D88E-4B1C-A67B-E7A033F2633F}
	EndGlobalSection
EndGlobal
